{
  "name": "wafer-fab-digital-twin",
  "lockfileVersion": 3,
  "requires": true,
  "packages": {
    "": {
      "dependencies": {
        "influx": "^5.12.0"
      }
    },
    "node_modules/influx": {
      "version": "5.12.0",
      "resolved": "https://registry.npmjs.org/influx/-/influx-5.12.0.tgz",
      "integrity": "sha512-qS3qh7Rt/3/iFUBcDC2wdfxAxgfQKFt9FXKA/PTb7dQD5FIDod9v8LlOxK43Mj71y7umRb9NjkYWw1sk8wfTQQ==",
      "license": "MIT"
    }
  }
}
